
Microsoft Visual Studio Solution File, Format Version 12.00
# Visual Studio Version 17
VisualStudioVersion = 17.11.35312.102
MinimumVisualStudioVersion = 10.0.40219.1
Project("{FAE04EC0-301F-11D3-BF4B-00C04F79EFBC}") = "Gestionnaire2", "Gestionnaire2\Gestionnaire2.csproj", "{7B21D2B8-3357-458A-8144-BB9636E61FBC}"
EndProject
Global
	GlobalSection(SolutionConfigurationPlatforms) = preSolution
		Debug|Any CPU = Debug|Any CPU
		Release|Any CPU = Release|Any CPU
	EndGlobalSection
	GlobalSection(ProjectConfigurationPlatforms) = postSolution
		{7B21D2B8-3357-458A-8144-BB9636E61FBC}.Debug|Any CPU.ActiveCfg = Debug|Any CPU
		{7B21D2B8-3357-458A-8144-BB9636E61FBC}.Debug|Any CPU.Build.0 = Debug|Any CPU
		{7B21D2B8-3357-458A-8144-BB9636E61FBC}.Release|Any CPU.ActiveCfg = Release|Any CPU
		{7B21D2B8-3357-458A-8144-BB9636E61FBC}.Release|Any CPU.Build.0 = Release|Any CPU
	EndGlobalSection
	GlobalSection(SolutionProperties) = preSolution
		HideSolutionNode = FALSE
	EndGlobalSection
	GlobalSection(ExtensibilityGlobals) = postSolution
		SolutionGuid = {8DEE03C2-FCEF-4486-A017-B3350B1AE4C6}
	EndGlobalSection
EndGlobal
